lockfileVersion: '9.0'

settings:
  autoInstallPeers: true
  excludeLinksFromLockfile: false

importers:

  .:
    dependencies:
      '@codama/nodes':
        specifier: ^1.3.1
        version: 1.3.1
      '@codama/nodes-from-anchor':
        specifier: ^1.2.3
        version: 1.2.3(fastestsmallesttextencoderdecoder@1.0.22)(typescript@5.9.2)
      '@codama/renderers':
        specifier: ^1.0.28
        version: 1.0.28(fastestsmallesttextencoderdecoder@1.0.22)(typescript@5.9.2)
      '@codama/renderers-core':
        specifier: ^1.0.17
        version: 1.0.17
      '@types/node':
        specifier: ^24.1.0
        version: 24.1.0
      codama:
        specifier: ^1.3.1
        version: 1.3.1
      ts-node:
        specifier: ^10.9.2
        version: 10.9.2(@types/node@24.1.0)(typescript@5.9.2)

packages:

  '@codama/errors@1.3.1':
    resolution: {integrity: sha512-tsQ83+8RRV7lXcRuSqRZJCjEM0gsVGo4PXAKL9dokUJzSTMMPQU4y87ExUps5KjeXQf6MkfOzYnGKqGf4FtU4g==}
    hasBin: true

  '@codama/node-types@1.3.1':
    resolution: {integrity: sha512-tpZwqOnCNXs1aLj95+ZjQW3K96LkiekqsYFTmuJxgspWoR3Ro+NDQEoxD3j5364hIYt0VfjcZlAcFD6y95GaQA==}

  '@codama/nodes-from-anchor@1.2.3':
    resolution: {integrity: sha512-0ALDfHPGqYZLk86LBZ3LVR3dHiJm0h1VsqLHlM7wF/Gikt4z4bKR/vld/3larAt80HFNxptLB0zDGy513jhY8Q==}

  '@codama/nodes@1.3.1':
    resolution: {integrity: sha512-ipmZFoX8Q7+2tKLOrTwcZ4R9eurhDyPU/oZ8I+2jNAuFEEW5mUewdNdeCt8xcq+vduovAd2BuvC3eJp2WbohCQ==}

  '@codama/renderers-core@1.0.17':
    resolution: {integrity: sha512-pH0tyCrkhmmc84V5kAfXAiaTn+FPPW8nM530cZWneWr2q12frgmCtmIwrGcRKyqDPnS/dJ05P+y/TOZMit+Ldg==}

  '@codama/renderers-js-umi@1.1.17':
    resolution: {integrity: sha512-tVUfD4JB3RDT4qq9c7DA+3fLF1YlG2WKbQqh1TLJN2hXUOY/mrb+EjVnGuWw23GiPIsB26l4kmg1de9ZI5tdHg==}

  '@codama/renderers-js@1.3.2':
    resolution: {integrity: sha512-LDYurCw+rWVMlRiZSClQFYdV52TmEMjMBsP3HBUID4I0WQcZhQYzlnQEQbasnlBSHuVOLvjGEMztC7g2yioZIg==}

  '@codama/renderers-rust@1.1.3':
    resolution: {integrity: sha512-hUk9yFfyq376x41jU4sSUAx3CKemybGH6mjqmIvMmjPPcupPxdoRPkI+CpidbfNMlkSG6vlpJR5CHSR3j909eQ==}

  '@codama/renderers@1.0.28':
    resolution: {integrity: sha512-3/GLY/V/Uuw/gEG8/OpSC+SgdcBX+2ksUXXbOuBn1dqf2s3QoGRDRsCfMy0Bu+CkrO+epDUQmV2+IbwXfkS/lg==}

  '@codama/validators@1.3.1':
    resolution: {integrity: sha512-xgPz3dzUirrS+qkxQpFHm+g4WhUW8ff7wfgjzZEVnaMrc8qKhOPgFO8b0WwPVZSytUMTdhqIpa+zLNZg8vvzNw==}

  '@codama/visitors-core@1.3.1':
    resolution: {integrity: sha512-dlwzywaJEKO22QC/E3LpfVqNbSkTBXzFVR6pSGhWan/MNn//UR5+jyp3bFIKr+KPFDq+czilgFvFvllq5XFAXw==}

  '@codama/visitors@1.3.1':
    resolution: {integrity: sha512-C6JZB9HrsPw7ZFogU+b8S7yRqznHpDuskyCY3103ZLknNs0SadOrry22ITQrS3Q3TETGGu3LOk8nu86CuLYl/Q==}

  '@cspotcode/source-map-support@0.8.1':
    resolution: {integrity: sha512-IchNf6dN4tHoMFIn/7OE8LWZ19Y6q/67Bmf6vnGREv8RSbBVb9LPJxEcnwrcwX6ixSvaiGoomAUvu4YSxXrVgw==}
    engines: {node: '>=12'}

  '@jridgewell/resolve-uri@3.1.2':
    resolution: {integrity: sha512-bRISgCIjP20/tbWSPWMEi54QVPRZExkuD9lJL+UIxUKtwVJA8wW1Trb1jMs1RFXo1CBTNZ/5hpC9QvmKWdopKw==}
    engines: {node: '>=6.0.0'}

  '@jridgewell/sourcemap-codec@1.5.4':
    resolution: {integrity: sha512-VT2+G1VQs/9oz078bLrYbecdZKs912zQlkelYpuf+SXF+QvZDYJlbx/LSx+meSAwdDFnF8FVXW92AVjjkVmgFw==}

  '@jridgewell/trace-mapping@0.3.9':
    resolution: {integrity: sha512-3Belt6tdc8bPgAtbcmdtNJlirVoTmEb5e2gC94PnkwEW9jI6CAHUeoG85tjWP5WquqfavoMtMwiG4P926ZKKuQ==}

  '@noble/hashes@1.8.0':
    resolution: {integrity: sha512-jCs9ldd7NwzpgXDIf6P3+NrHh9/sD6CQdxHyjQI+h/6rDNo88ypBxxz45UDuZHz9r3tNz7N/VInSVoVdtXEI4A==}
    engines: {node: ^14.21.3 || >=16}

  '@solana/codecs-core@2.3.0':
    resolution: {integrity: sha512-oG+VZzN6YhBHIoSKgS5ESM9VIGzhWjEHEGNPSibiDTxFhsFWxNaz8LbMDPjBUE69r9wmdGLkrQ+wVPbnJcZPvw==}
    engines: {node: '>=20.18.0'}
    peerDependencies:
      typescript: '>=5.3.3'

  '@solana/codecs-data-structures@2.3.0':
    resolution: {integrity: sha512-qvU5LE5DqEdYMYgELRHv+HMOx73sSoV1ZZkwIrclwUmwTbTaH8QAJURBj0RhQ/zCne7VuLLOZFFGv6jGigWhSw==}
    engines: {node: '>=20.18.0'}
    peerDependencies:
      typescript: '>=5.3.3'

  '@solana/codecs-numbers@2.3.0':
    resolution: {integrity: sha512-jFvvwKJKffvG7Iz9dmN51OGB7JBcy2CJ6Xf3NqD/VP90xak66m/Lg48T01u5IQ/hc15mChVHiBm+HHuOFDUrQg==}
    engines: {node: '>=20.18.0'}
    peerDependencies:
      typescript: '>=5.3.3'

  '@solana/codecs-strings@2.3.0':
    resolution: {integrity: sha512-y5pSBYwzVziXu521hh+VxqUtp0hYGTl1eWGoc1W+8mdvBdC1kTqm/X7aYQw33J42hw03JjryvYOvmGgk3Qz/Ug==}
    engines: {node: '>=20.18.0'}
    peerDependencies:
      fastestsmallesttextencoderdecoder: ^1.0.22
      typescript: '>=5.3.3'

  '@solana/codecs@2.3.0':
    resolution: {integrity: sha512-JVqGPkzoeyU262hJGdH64kNLH0M+Oew2CIPOa/9tR3++q2pEd4jU2Rxdfye9sd0Ce3XJrR5AIa8ZfbyQXzjh+g==}
    engines: {node: '>=20.18.0'}
    peerDependencies:
      typescript: '>=5.3.3'

  '@solana/errors@2.3.0':
    resolution: {integrity: sha512-66RI9MAbwYV0UtP7kGcTBVLxJgUxoZGm8Fbc0ah+lGiAw17Gugco6+9GrJCV83VyF2mDWyYnYM9qdI3yjgpnaQ==}
    engines: {node: '>=20.18.0'}
    hasBin: true
    peerDependencies:
      typescript: '>=5.3.3'

  '@solana/options@2.3.0':
    resolution: {integrity: sha512-PPnnZBRCWWoZQ11exPxf//DRzN2C6AoFsDI/u2AsQfYih434/7Kp4XLpfOMT/XESi+gdBMFNNfbES5zg3wAIkw==}
    engines: {node: '>=20.18.0'}
    peerDependencies:
      typescript: '>=5.3.3'

  '@tsconfig/node10@1.0.11':
    resolution: {integrity: sha512-DcRjDCujK/kCk/cUe8Xz8ZSpm8mS3mNNpta+jGCA6USEDfktlNvm1+IuZ9eTcDbNk41BHwpHHeW+N1lKCz4zOw==}

  '@tsconfig/node12@1.0.11':
    resolution: {integrity: sha512-cqefuRsh12pWyGsIoBKJA9luFu3mRxCA+ORZvA4ktLSzIuCUtWVxGIuXigEwO5/ywWFMZ2QEGKWvkZG1zDMTag==}

  '@tsconfig/node14@1.0.3':
    resolution: {integrity: sha512-ysT8mhdixWK6Hw3i1V2AeRqZ5WfXg1G43mqoYlM2nc6388Fq5jcXyr5mRsqViLx/GJYdoL0bfXD8nmF+Zn/Iow==}

  '@tsconfig/node16@1.0.4':
    resolution: {integrity: sha512-vxhUy4J8lyeyinH7Azl1pdd43GJhZH/tP2weN8TntQblOY+A0XbT8DJk1/oCPuOOyg/Ja757rG0CgHcWC8OfMA==}

  '@types/node@24.1.0':
    resolution: {integrity: sha512-ut5FthK5moxFKH2T1CUOC6ctR67rQRvvHdFLCD2Ql6KXmMuCrjsSsRI9UsLCm9M18BMwClv4pn327UvB7eeO1w==}

  a-sync-waterfall@1.0.1:
    resolution: {integrity: sha512-RYTOHHdWipFUliRFMCS4X2Yn2X8M87V/OpSqWzKKOGhzqyUxzyVmhHDH9sAvG+ZuQf/TAOFsLCpMw09I1ufUnA==}

  acorn-walk@8.3.4:
    resolution: {integrity: sha512-ueEepnujpqee2o5aIYnvHU6C0A42MNdsIDeqy5BydrkuC5R1ZuUFnm27EeFJGoEHJQgn3uleRvmTXaJgfXbt4g==}
    engines: {node: '>=0.4.0'}

  acorn@8.15.0:
    resolution: {integrity: sha512-NZyJarBfL7nWwIq+FDL6Zp/yHEhePMNnnJ0y3qfieCrmNvYct8uvtiV41UvlSe6apAfk0fY1FbWx+NwfmpvtTg==}
    engines: {node: '>=0.4.0'}
    hasBin: true

  arg@4.1.3:
    resolution: {integrity: sha512-58S9QDqG0Xx27YwPSt9fJxivjYl432YCwfDMfZ+71RAqUrZef7LrKQZ3LHLOwCS4FLNBplP533Zx895SeOCHvA==}

  asap@2.0.6:
    resolution: {integrity: sha512-BSHWgDSAiKs50o2Re8ppvp3seVHXSRM44cdSsT9FfNEUUZLOGWVCsiWaRPWM1Znn+mqZ1OfVZ3z3DWEzSp7hRA==}

  call-bind-apply-helpers@1.0.2:
    resolution: {integrity: sha512-Sp1ablJ0ivDkSzjcaJdxEunN5/XvksFJ2sMBFfq6x0ryhQV/2b/KwFe21cMpmHtPOSij8K99/wSfoEuTObmuMQ==}
    engines: {node: '>= 0.4'}

  call-bind@1.0.8:
    resolution: {integrity: sha512-oKlSFMcMwpUg2ednkhQ454wfWiU/ul3CkJe/PEHcTKuiX6RpbehUiFMXu13HalGZxfUwCQzZG747YXBn1im9ww==}
    engines: {node: '>= 0.4'}

  call-bound@1.0.4:
    resolution: {integrity: sha512-+ys997U96po4Kx/ABpBCqhA9EuxJaQWDQg7295H4hBphv3IZg0boBKuwYpt4YXp6MZ5AmZQnU/tyMTlRpaSejg==}
    engines: {node: '>= 0.4'}

  chalk@5.4.1:
    resolution: {integrity: sha512-zgVZuo2WcZgfUEmsn6eO3kINexW8RAE4maiQ8QNs8CtpPCSyMiYsULR3HQYkm3w8FIA3SberyMJMSldGsW+U3w==}
    engines: {node: ^12.17.0 || ^14.13 || >=16.0.0}

  codama@1.3.1:
    resolution: {integrity: sha512-ItaKBdCaAO0S9rYkI27Wkm3T614YP+ks4qmvVk+CN5bbj1q+Jr2itPYOLYjEbRIBxTiHvZrWgiGUage72QEq8Q==}

  commander@14.0.0:
    resolution: {integrity: sha512-2uM9rYjPvyq39NwLRqaiLtWHyDC1FvryJDa2ATTVims5YAS4PupsEQsDvP14FqhFr0P49CYDugi59xaxJlTXRA==}
    engines: {node: '>=20'}

  commander@5.1.0:
    resolution: {integrity: sha512-P0CysNDQ7rtVw4QIQtm+MRxV66vKFSvlsQvGYXZWR3qFU0jlMKHZZZgw8e+8DSah4UDKMqnknRDQz+xuQXQ/Zg==}
    engines: {node: '>= 6'}

  create-require@1.1.1:
    resolution: {integrity: sha512-dcKFX3jn0MpIaXjisoRvexIJVEKzaq7z2rZKxf+MSr9TkdmHmsU4m2lcLojrj/FHl8mk5VxMmYA+ftRkP/3oKQ==}

  define-data-property@1.1.4:
    resolution: {integrity: sha512-rBMvIzlpA8v6E+SJZoo++HAYqsLrkg7MSfIinMPFhmkorw7X+dOXVJQs+QT69zGkzMyfDnIMN2Wid1+NbL3T+A==}
    engines: {node: '>= 0.4'}

  diff@4.0.2:
    resolution: {integrity: sha512-58lmxKSA4BNyLz+HHMUzlOEpg09FV+ev6ZMe3vJihgdxzgcwZ8VoEEPmALCZG9LmqfVoNMMKpttIYTVG6uDY7A==}
    engines: {node: '>=0.3.1'}

  dunder-proto@1.0.1:
    resolution: {integrity: sha512-KIN/nDJBQRcXw0MLVhZE9iQHmG68qAVIBg9CqmUYjmQIhgij9U5MFvrqkUL5FbtyyzZuOeOt0zdeRe4UY7ct+A==}
    engines: {node: '>= 0.4'}

  es-define-property@1.0.1:
    resolution: {integrity: sha512-e3nRfgfUZ4rNGL232gUgX06QNyyez04KdjFrF+LTRoOXmrOgFKDg4BCdsjW8EnT69eqdYGmRpJwiPVYNrCaW3g==}
    engines: {node: '>= 0.4'}

  es-errors@1.3.0:
    resolution: {integrity: sha512-Zf5H2Kxt2xjTvbJvP2ZWLEICxA6j+hAmMzIlypy4xcBg1vKVnx89Wy0GbS+kf5cwCVFFzdCFh2XSCFNULS6csw==}
    engines: {node: '>= 0.4'}

  es-object-atoms@1.1.1:
    resolution: {integrity: sha512-FGgH2h8zKNim9ljj7dankFPcICIK9Cp5bm+c2gQSYePhpaG5+esrLODihIorn+Pe6FGJzWhXQotPv73jTaldXA==}
    engines: {node: '>= 0.4'}

  fastestsmallesttextencoderdecoder@1.0.22:
    resolution: {integrity: sha512-Pb8d48e+oIuY4MaM64Cd7OW1gt4nxCHs7/ddPPZ/Ic3sg8yVGM7O9wDvZ7us6ScaUupzM+pfBolwtYhN1IxBIw==}

  function-bind@1.1.2:
    resolution: {integrity: sha512-7XHNxH7qX9xG5mIwxkhumTox/MIRNcOgDrxWsMt2pAr23WHp6MrRlN7FBSFpCpr+oVO0F744iUgR82nJMfG2SA==}

  get-intrinsic@1.3.0:
    resolution: {integrity: sha512-9fSjSaos/fRIVIp+xSJlE6lfwhES7LNtKaCBIamHsjr2na1BiABJPo0mOjjz8GJDURarmCPGqaiVg5mfjb98CQ==}
    engines: {node: '>= 0.4'}

  get-proto@1.0.1:
    resolution: {integrity: sha512-sTSfBjoXBp89JvIKIefqw7U2CCebsc74kiY6awiGogKtoSGbgjYE/G/+l9sF3MWFPNc9IcoOC4ODfKHfxFmp0g==}
    engines: {node: '>= 0.4'}

  gopd@1.2.0:
    resolution: {integrity: sha512-ZUKRh6/kUFoAiTAtTYPZJ3hw9wNxx+BIBOijnlG9PnrJsCcSjs1wyyD6vJpaYtgnzDrKYRSqf3OO6Rfa93xsRg==}
    engines: {node: '>= 0.4'}

  has-property-descriptors@1.0.2:
    resolution: {integrity: sha512-55JNKuIW+vq4Ke1BjOTjM2YctQIvCT7GFzHwmfZPGo5wnrgkid0YQtnAleFSqumZm4az3n2BS+erby5ipJdgrg==}

  has-symbols@1.1.0:
    resolution: {integrity: sha512-1cDNdwJ2Jaohmb3sg4OmKaMBwuC48sYni5HUw2DvsC8LjGTLK9h+eb1X6RyuOHe4hT0ULCW68iomhjUoKUqlPQ==}
    engines: {node: '>= 0.4'}

  hasown@2.0.2:
    resolution: {integrity: sha512-0hJU9SCPvmMzIBdZFqNPXWa6dqh7WdH0cII9y+CyS8rG3nL48Bclra9HmKhVVUHyPWNH5Y7xDwAB7bfgSjkUMQ==}
    engines: {node: '>= 0.4'}

  isarray@2.0.5:
    resolution: {integrity: sha512-xHjhDr3cNBK0BzdUJSPXZntQUx/mwMS5Rw4A7lPJ90XGAO6ISP/ePDNuo0vhqOZU+UD5JoodwCAAoZQd3FeAKw==}

  json-stable-stringify@1.3.0:
    resolution: {integrity: sha512-qtYiSSFlwot9XHtF9bD9c7rwKjr+RecWT//ZnPvSmEjpV5mmPOCN4j8UjY5hbjNkOwZ/jQv3J6R1/pL7RwgMsg==}
    engines: {node: '>= 0.4'}

  jsonify@0.0.1:
    resolution: {integrity: sha512-2/Ki0GcmuqSrgFyelQq9M05y7PS0mEwuIzrf3f1fPqkVDVRvZrPZtVSMHxdgo8Aq0sxAOb/cr2aqqA3LeWHVPg==}

  make-error@1.3.6:
    resolution: {integrity: sha512-s8UhlNe7vPKomQhC1qFelMokr/Sc3AgNbso3n74mVPA5LTZwkB9NlXf4XPamLxJE8h0gh73rM94xvwRT2CVInw==}

  math-intrinsics@1.1.0:
    resolution: {integrity: sha512-/IXtbwEk5HTPyEwyKX6hGkYXxM9nbj64B+ilVJnC/R6B0pH5G4V3b0pVbL7DBj4tkhBAppbQUlf6F6Xl9LHu1g==}
    engines: {node: '>= 0.4'}

  nunjucks@3.2.4:
    resolution: {integrity: sha512-26XRV6BhkgK0VOxfbU5cQI+ICFUtMLixv1noZn1tGU38kQH5A5nmmbk/O45xdyBhD1esk47nKrY0mvQpZIhRjQ==}
    engines: {node: '>= 6.9.0'}
    hasBin: true
    peerDependencies:
      chokidar: ^3.3.0
    peerDependenciesMeta:
      chokidar:
        optional: true

  object-keys@1.1.1:
    resolution: {integrity: sha512-NuAESUOUMrlIXOfHKzD6bpPu3tYt3xvjNdRIQ+FeT0lNb4K8WR70CaDxhuNguS2XG+GjkyMwOzsN5ZktImfhLA==}
    engines: {node: '>= 0.4'}

  prettier@3.6.2:
    resolution: {integrity: sha512-I7AIg5boAr5R0FFtJ6rCfD+LFsWHp81dolrFD8S79U9tb8Az2nGrJncnMSnys+bpQJfRUzqs9hnA81OAA3hCuQ==}
    engines: {node: '>=14'}
    hasBin: true

  set-function-length@1.2.2:
    resolution: {integrity: sha512-pgRc4hJ4/sNjWCSS9AmnS40x3bNMDTknHgL5UaMBTMyJnU90EgWh1Rz+MC9eFu4BuN/UwZjKQuY/1v3rM7HMfg==}
    engines: {node: '>= 0.4'}

  ts-node@10.9.2:
    resolution: {integrity: sha512-f0FFpIdcHgn8zcPSbf1dRevwt047YMnaiJM3u2w2RewrB+fob/zePZcrOyQoLMMO7aBIddLcQIEK5dYjkLnGrQ==}
    hasBin: true
    peerDependencies:
      '@swc/core': '>=1.2.50'
      '@swc/wasm': '>=1.2.50'
      '@types/node': '*'
      typescript: '>=2.7'
    peerDependenciesMeta:
      '@swc/core':
        optional: true
      '@swc/wasm':
        optional: true

  typescript@5.9.2:
    resolution: {integrity: sha512-CWBzXQrc/qOkhidw1OzBTQuYRbfyxDXJMVJ1XNwUHGROVmuaeiEm3OslpZ1RV96d7SKKjZKrSJu3+t/xlw3R9A==}
    engines: {node: '>=14.17'}
    hasBin: true

  undici-types@7.8.0:
    resolution: {integrity: sha512-9UJ2xGDvQ43tYyVMpuHlsgApydB8ZKfVYTsLDhXkFL/6gfkp+U8xTGdh8pMJv1SpZna0zxG1DwsKZsreLbXBxw==}

  v8-compile-cache-lib@3.0.1:
    resolution: {integrity: sha512-wa7YjyUGfNZngI/vtK0UHAN+lgDCxBPCylVXGp0zu59Fz5aiGtNXaq3DhIov063MorB+VfufLh3JlF2KdTK3xg==}

  yn@3.1.1:
    resolution: {integrity: sha512-Ux4ygGWsu2c7isFWe8Yu1YluJmqVhxqK2cLXNQA5AcC3QfbGNpM7fu0Y8b/z16pXLnFxZYvWhd3fhBY9DLmC6Q==}
    engines: {node: '>=6'}

snapshots:

  '@codama/errors@1.3.1':
    dependencies:
      '@codama/node-types': 1.3.1
      chalk: 5.4.1
      commander: 14.0.0

  '@codama/node-types@1.3.1': {}

  '@codama/nodes-from-anchor@1.2.3(fastestsmallesttextencoderdecoder@1.0.22)(typescript@5.9.2)':
    dependencies:
      '@codama/errors': 1.3.1
      '@codama/nodes': 1.3.1
      '@codama/visitors': 1.3.1
      '@noble/hashes': 1.8.0
      '@solana/codecs': 2.3.0(fastestsmallesttextencoderdecoder@1.0.22)(typescript@5.9.2)
    transitivePeerDependencies:
      - fastestsmallesttextencoderdecoder
      - typescript

  '@codama/nodes@1.3.1':
    dependencies:
      '@codama/errors': 1.3.1
      '@codama/node-types': 1.3.1

  '@codama/renderers-core@1.0.17':
    dependencies:
      '@codama/errors': 1.3.1
      '@codama/nodes': 1.3.1
      '@codama/visitors-core': 1.3.1

  '@codama/renderers-js-umi@1.1.17(fastestsmallesttextencoderdecoder@1.0.22)(typescript@5.9.2)':
    dependencies:
      '@codama/errors': 1.3.1
      '@codama/nodes': 1.3.1
      '@codama/renderers-core': 1.0.17
      '@codama/validators': 1.3.1
      '@codama/visitors-core': 1.3.1
      '@solana/codecs-strings': 2.3.0(fastestsmallesttextencoderdecoder@1.0.22)(typescript@5.9.2)
      nunjucks: 3.2.4
      prettier: 3.6.2
    transitivePeerDependencies:
      - chokidar
      - fastestsmallesttextencoderdecoder
      - typescript

  '@codama/renderers-js@1.3.2(fastestsmallesttextencoderdecoder@1.0.22)(typescript@5.9.2)':
    dependencies:
      '@codama/errors': 1.3.1
      '@codama/nodes': 1.3.1
      '@codama/renderers-core': 1.0.17
      '@codama/visitors-core': 1.3.1
      '@solana/codecs-strings': 2.3.0(fastestsmallesttextencoderdecoder@1.0.22)(typescript@5.9.2)
      nunjucks: 3.2.4
      prettier: 3.6.2
    transitivePeerDependencies:
      - chokidar
      - fastestsmallesttextencoderdecoder
      - typescript

  '@codama/renderers-rust@1.1.3(fastestsmallesttextencoderdecoder@1.0.22)(typescript@5.9.2)':
    dependencies:
      '@codama/errors': 1.3.1
      '@codama/nodes': 1.3.1
      '@codama/renderers-core': 1.0.17
      '@codama/visitors-core': 1.3.1
      '@solana/codecs-strings': 2.3.0(fastestsmallesttextencoderdecoder@1.0.22)(typescript@5.9.2)
      nunjucks: 3.2.4
    transitivePeerDependencies:
      - chokidar
      - fastestsmallesttextencoderdecoder
      - typescript

  '@codama/renderers@1.0.28(fastestsmallesttextencoderdecoder@1.0.22)(typescript@5.9.2)':
    dependencies:
      '@codama/renderers-js': 1.3.2(fastestsmallesttextencoderdecoder@1.0.22)(typescript@5.9.2)
      '@codama/renderers-js-umi': 1.1.17(fastestsmallesttextencoderdecoder@1.0.22)(typescript@5.9.2)
      '@codama/renderers-rust': 1.1.3(fastestsmallesttextencoderdecoder@1.0.22)(typescript@5.9.2)
    transitivePeerDependencies:
      - chokidar
      - fastestsmallesttextencoderdecoder
      - typescript

  '@codama/validators@1.3.1':
    dependencies:
      '@codama/errors': 1.3.1
      '@codama/nodes': 1.3.1
      '@codama/visitors-core': 1.3.1

  '@codama/visitors-core@1.3.1':
    dependencies:
      '@codama/errors': 1.3.1
      '@codama/nodes': 1.3.1
      json-stable-stringify: 1.3.0

  '@codama/visitors@1.3.1':
    dependencies:
      '@codama/errors': 1.3.1
      '@codama/nodes': 1.3.1
      '@codama/visitors-core': 1.3.1

  '@cspotcode/source-map-support@0.8.1':
    dependencies:
      '@jridgewell/trace-mapping': 0.3.9

  '@jridgewell/resolve-uri@3.1.2': {}

  '@jridgewell/sourcemap-codec@1.5.4': {}

  '@jridgewell/trace-mapping@0.3.9':
    dependencies:
      '@jridgewell/resolve-uri': 3.1.2
      '@jridgewell/sourcemap-codec': 1.5.4

  '@noble/hashes@1.8.0': {}

  '@solana/codecs-core@2.3.0(typescript@5.9.2)':
    dependencies:
      '@solana/errors': 2.3.0(typescript@5.9.2)
      typescript: 5.9.2

  '@solana/codecs-data-structures@2.3.0(typescript@5.9.2)':
    dependencies:
      '@solana/codecs-core': 2.3.0(typescript@5.9.2)
      '@solana/codecs-numbers': 2.3.0(typescript@5.9.2)
      '@solana/errors': 2.3.0(typescript@5.9.2)
      typescript: 5.9.2

  '@solana/codecs-numbers@2.3.0(typescript@5.9.2)':
    dependencies:
      '@solana/codecs-core': 2.3.0(typescript@5.9.2)
      '@solana/errors': 2.3.0(typescript@5.9.2)
      typescript: 5.9.2

  '@solana/codecs-strings@2.3.0(fastestsmallesttextencoderdecoder@1.0.22)(typescript@5.9.2)':
    dependencies:
      '@solana/codecs-core': 2.3.0(typescript@5.9.2)
      '@solana/codecs-numbers': 2.3.0(typescript@5.9.2)
      '@solana/errors': 2.3.0(typescript@5.9.2)
      fastestsmallesttextencoderdecoder: 1.0.22
      typescript: 5.9.2

  '@solana/codecs@2.3.0(fastestsmallesttextencoderdecoder@1.0.22)(typescript@5.9.2)':
    dependencies:
      '@solana/codecs-core': 2.3.0(typescript@5.9.2)
      '@solana/codecs-data-structures': 2.3.0(typescript@5.9.2)
      '@solana/codecs-numbers': 2.3.0(typescript@5.9.2)
      '@solana/codecs-strings': 2.3.0(fastestsmallesttextencoderdecoder@1.0.22)(typescript@5.9.2)
      '@solana/options': 2.3.0(fastestsmallesttextencoderdecoder@1.0.22)(typescript@5.9.2)
      typescript: 5.9.2
    transitivePeerDependencies:
      - fastestsmallesttextencoderdecoder

  '@solana/errors@2.3.0(typescript@5.9.2)':
    dependencies:
      chalk: 5.4.1
      commander: 14.0.0
      typescript: 5.9.2

  '@solana/options@2.3.0(fastestsmallesttextencoderdecoder@1.0.22)(typescript@5.9.2)':
    dependencies:
      '@solana/codecs-core': 2.3.0(typescript@5.9.2)
      '@solana/codecs-data-structures': 2.3.0(typescript@5.9.2)
      '@solana/codecs-numbers': 2.3.0(typescript@5.9.2)
      '@solana/codecs-strings': 2.3.0(fastestsmallesttextencoderdecoder@1.0.22)(typescript@5.9.2)
      '@solana/errors': 2.3.0(typescript@5.9.2)
      typescript: 5.9.2
    transitivePeerDependencies:
      - fastestsmallesttextencoderdecoder

  '@tsconfig/node10@1.0.11': {}

  '@tsconfig/node12@1.0.11': {}

  '@tsconfig/node14@1.0.3': {}

  '@tsconfig/node16@1.0.4': {}

  '@types/node@24.1.0':
    dependencies:
      undici-types: 7.8.0

  a-sync-waterfall@1.0.1: {}

  acorn-walk@8.3.4:
    dependencies:
      acorn: 8.15.0

  acorn@8.15.0: {}

  arg@4.1.3: {}

  asap@2.0.6: {}

  call-bind-apply-helpers@1.0.2:
    dependencies:
      es-errors: 1.3.0
      function-bind: 1.1.2

  call-bind@1.0.8:
    dependencies:
      call-bind-apply-helpers: 1.0.2
      es-define-property: 1.0.1
      get-intrinsic: 1.3.0
      set-function-length: 1.2.2

  call-bound@1.0.4:
    dependencies:
      call-bind-apply-helpers: 1.0.2
      get-intrinsic: 1.3.0

  chalk@5.4.1: {}

  codama@1.3.1:
    dependencies:
      '@codama/errors': 1.3.1
      '@codama/nodes': 1.3.1
      '@codama/validators': 1.3.1
      '@codama/visitors': 1.3.1

  commander@14.0.0: {}

  commander@5.1.0: {}

  create-require@1.1.1: {}

  define-data-property@1.1.4:
    dependencies:
      es-define-property: 1.0.1
      es-errors: 1.3.0
      gopd: 1.2.0

  diff@4.0.2: {}

  dunder-proto@1.0.1:
    dependencies:
      call-bind-apply-helpers: 1.0.2
      es-errors: 1.3.0
      gopd: 1.2.0

  es-define-property@1.0.1: {}

  es-errors@1.3.0: {}

  es-object-atoms@1.1.1:
    dependencies:
      es-errors: 1.3.0

  fastestsmallesttextencoderdecoder@1.0.22: {}

  function-bind@1.1.2: {}

  get-intrinsic@1.3.0:
    dependencies:
      call-bind-apply-helpers: 1.0.2
      es-define-property: 1.0.1
      es-errors: 1.3.0
      es-object-atoms: 1.1.1
      function-bind: 1.1.2
      get-proto: 1.0.1
      gopd: 1.2.0
      has-symbols: 1.1.0
      hasown: 2.0.2
      math-intrinsics: 1.1.0

  get-proto@1.0.1:
    dependencies:
      dunder-proto: 1.0.1
      es-object-atoms: 1.1.1

  gopd@1.2.0: {}

  has-property-descriptors@1.0.2:
    dependencies:
      es-define-property: 1.0.1

  has-symbols@1.1.0: {}

  hasown@2.0.2:
    dependencies:
      function-bind: 1.1.2

  isarray@2.0.5: {}

  json-stable-stringify@1.3.0:
    dependencies:
      call-bind: 1.0.8
      call-bound: 1.0.4
      isarray: 2.0.5
      jsonify: 0.0.1
      object-keys: 1.1.1

  jsonify@0.0.1: {}

  make-error@1.3.6: {}

  math-intrinsics@1.1.0: {}

  nunjucks@3.2.4:
    dependencies:
      a-sync-waterfall: 1.0.1
      asap: 2.0.6
      commander: 5.1.0

  object-keys@1.1.1: {}

  prettier@3.6.2: {}

  set-function-length@1.2.2:
    dependencies:
      define-data-property: 1.1.4
      es-errors: 1.3.0
      function-bind: 1.1.2
      get-intrinsic: 1.3.0
      gopd: 1.2.0
      has-property-descriptors: 1.0.2

  ts-node@10.9.2(@types/node@24.1.0)(typescript@5.9.2):
    dependencies:
      '@cspotcode/source-map-support': 0.8.1
      '@tsconfig/node10': 1.0.11
      '@tsconfig/node12': 1.0.11
      '@tsconfig/node14': 1.0.3
      '@tsconfig/node16': 1.0.4
      '@types/node': 24.1.0
      acorn: 8.15.0
      acorn-walk: 8.3.4
      arg: 4.1.3
      create-require: 1.1.1
      diff: 4.0.2
      make-error: 1.3.6
      typescript: 5.9.2
      v8-compile-cache-lib: 3.0.1
      yn: 3.1.1

  typescript@5.9.2: {}

  undici-types@7.8.0: {}

  v8-compile-cache-lib@3.0.1: {}

  yn@3.1.1: {}
